
Microsoft Visual Studio Solution File, Format Version 12.00
# Visual Studio Version 17
Project("{2150E333-8FDC-42A3-9474-1A3956D46DE8}") = "CMakePredefinedTargets", "CMakePredefinedTargets", "{2FA087D2-ECCC-3C6C-9F67-8A2F38F6E3F7}"
EndProject
Project("{8BC9CEB8-8B4A-11D0-8D11-00A0C91BC942}") = "CSC8503", "CSC8503\CSC8503.vcxproj", "{C69326A7-7908-3168-9CD5-36C1940084F7}"
	ProjectSection(ProjectDependencies) = postProject
		{553D4568-FF0E-3BBE-AD3B-B1EE660A2804} = {553D4568-FF0E-3BBE-AD3B-B1EE660A2804}
		{6C13BA1D-238C-30FC-9185-34C21D5E9F86} = {6C13BA1D-238C-30FC-9185-34C21D5E9F86}
		{9F7B639E-B7EB-3C3D-8619-EF08A6AA9B21} = {9F7B639E-B7EB-3C3D-8619-EF08A6AA9B21}
		{899B3566-7C92-3CC0-B0F2-04EC733736FB} = {899B3566-7C92-3CC0-B0F2-04EC733736FB}
	EndProjectSection
EndProject
Project("{8BC9CEB8-8B4A-11D0-8D11-00A0C91BC942}") = "ALL_BUILD", "ALL_BUILD.vcxproj", "{6B7D7944-D307-33AB-972E-68AE8263EB31}"
	ProjectSection(ProjectDependencies) = postProject
		{C69326A7-7908-3168-9CD5-36C1940084F7} = {C69326A7-7908-3168-9CD5-36C1940084F7}
		{553D4568-FF0E-3BBE-AD3B-B1EE660A2804} = {553D4568-FF0E-3BBE-AD3B-B1EE660A2804}
		{6C13BA1D-238C-30FC-9185-34C21D5E9F86} = {6C13BA1D-238C-30FC-9185-34C21D5E9F86}
		{9F7B639E-B7EB-3C3D-8619-EF08A6AA9B21} = {9F7B639E-B7EB-3C3D-8619-EF08A6AA9B21}
		{899B3566-7C92-3CC0-B0F2-04EC733736FB} = {899B3566-7C92-3CC0-B0F2-04EC733736FB}
	EndProjectSection
EndProject
Project("{8BC9CEB8-8B4A-11D0-8D11-00A0C91BC942}") = "CSC8503CoreClasses", "CSC8503CoreClasses\CSC8503CoreClasses.vcxproj", "{553D4568-FF0E-3BBE-AD3B-B1EE660A2804}"
	ProjectSection(ProjectDependencies) = postProject
		{899B3566-7C92-3CC0-B0F2-04EC733736FB} = {899B3566-7C92-3CC0-B0F2-04EC733736FB}
	EndProjectSection
EndProject
Project("{8BC9CEB8-8B4A-11D0-8D11-00A0C91BC942}") = "NCLCoreClasses", "NCLCoreClasses\NCLCoreClasses.vcxproj", "{6C13BA1D-238C-30FC-9185-34C21D5E9F86}"
	ProjectSection(ProjectDependencies) = postProject
		{899B3566-7C92-3CC0-B0F2-04EC733736FB} = {899B3566-7C92-3CC0-B0F2-04EC733736FB}
	EndProjectSection
EndProject
Project("{8BC9CEB8-8B4A-11D0-8D11-00A0C91BC942}") = "OpenGLRendering", "OpenGLRendering\OpenGLRendering.vcxproj", "{9F7B639E-B7EB-3C3D-8619-EF08A6AA9B21}"
	ProjectSection(ProjectDependencies) = postProject
		{6C13BA1D-238C-30FC-9185-34C21D5E9F86} = {6C13BA1D-238C-30FC-9185-34C21D5E9F86}
		{899B3566-7C92-3CC0-B0F2-04EC733736FB} = {899B3566-7C92-3CC0-B0F2-04EC733736FB}
	EndProjectSection
EndProject
Project("{8BC9CEB8-8B4A-11D0-8D11-00A0C91BC942}") = "ZERO_CHECK", "ZERO_CHECK.vcxproj", "{899B3566-7C92-3CC0-B0F2-04EC733736FB}"
	ProjectSection(ProjectDependencies) = postProject
	EndProjectSection
EndProject
Global
	GlobalSection(SolutionConfigurationPlatforms) = preSolution
		Debug|x64 = Debug|x64
		Release|x64 = Release|x64
	EndGlobalSection
	GlobalSection(ProjectConfigurationPlatforms) = postSolution
		{C69326A7-7908-3168-9CD5-36C1940084F7}.Debug|x64.ActiveCfg = Debug|x64
		{C69326A7-7908-3168-9CD5-36C1940084F7}.Debug|x64.Build.0 = Debug|x64
		{C69326A7-7908-3168-9CD5-36C1940084F7}.Release|x64.ActiveCfg = Release|x64
		{C69326A7-7908-3168-9CD5-36C1940084F7}.Release|x64.Build.0 = Release|x64
		{6B7D7944-D307-33AB-972E-68AE8263EB31}.Debug|x64.ActiveCfg = Debug|x64
		{6B7D7944-D307-33AB-972E-68AE8263EB31}.Release|x64.ActiveCfg = Release|x64
		{553D4568-FF0E-3BBE-AD3B-B1EE660A2804}.Debug|x64.ActiveCfg = Debug|x64
		{553D4568-FF0E-3BBE-AD3B-B1EE660A2804}.Debug|x64.Build.0 = Debug|x64
		{553D4568-FF0E-3BBE-AD3B-B1EE660A2804}.Release|x64.ActiveCfg = Release|x64
		{553D4568-FF0E-3BBE-AD3B-B1EE660A2804}.Release|x64.Build.0 = Release|x64
		{6C13BA1D-238C-30FC-9185-34C21D5E9F86}.Debug|x64.ActiveCfg = Debug|x64
		{6C13BA1D-238C-30FC-9185-34C21D5E9F86}.Debug|x64.Build.0 = Debug|x64
		{6C13BA1D-238C-30FC-9185-34C21D5E9F86}.Release|x64.ActiveCfg = Release|x64
		{6C13BA1D-238C-30FC-9185-34C21D5E9F86}.Release|x64.Build.0 = Release|x64
		{9F7B639E-B7EB-3C3D-8619-EF08A6AA9B21}.Debug|x64.ActiveCfg = Debug|x64
		{9F7B639E-B7EB-3C3D-8619-EF08A6AA9B21}.Debug|x64.Build.0 = Debug|x64
		{9F7B639E-B7EB-3C3D-8619-EF08A6AA9B21}.Release|x64.ActiveCfg = Release|x64
		{9F7B639E-B7EB-3C3D-8619-EF08A6AA9B21}.Release|x64.Build.0 = Release|x64
		{899B3566-7C92-3CC0-B0F2-04EC733736FB}.Debug|x64.ActiveCfg = Debug|x64
		{899B3566-7C92-3CC0-B0F2-04EC733736FB}.Debug|x64.Build.0 = Debug|x64
		{899B3566-7C92-3CC0-B0F2-04EC733736FB}.Release|x64.ActiveCfg = Release|x64
		{899B3566-7C92-3CC0-B0F2-04EC733736FB}.Release|x64.Build.0 = Release|x64
	EndGlobalSection
	GlobalSection(NestedProjects) = preSolution
		{6B7D7944-D307-33AB-972E-68AE8263EB31} = {2FA087D2-ECCC-3C6C-9F67-8A2F38F6E3F7}
		{899B3566-7C92-3CC0-B0F2-04EC733736FB} = {2FA087D2-ECCC-3C6C-9F67-8A2F38F6E3F7}
	EndGlobalSection
	GlobalSection(ExtensibilityGlobals) = postSolution
		SolutionGuid = {D3573E07-D3C9-369E-9207-51FD05118E51}
	EndGlobalSection
	GlobalSection(ExtensibilityAddIns) = postSolution
	EndGlobalSection
EndGlobal
